
Microsoft Visual Studio Solution File, Format Version 12.00
# Visual Studio Version 17
VisualStudioVersion = 17.0.31912.275
MinimumVisualStudioVersion = 10.0.40219.1
Project("{9A19103F-16F7-4668-BE54-9A1E7A4F7556}") = "Cvl.ApplicationServer", "Cvl.ApplicationServer\Cvl.ApplicationServer.csproj", "{DE821296-ADE3-4918-A7E3-1A413BBBE495}"
EndProject
Global
	GlobalSection(SolutionConfigurationPlatforms) = preSolution
		Debug|Any CPU = Debug|Any CPU
		Release|Any CPU = Release|Any CPU
	EndGlobalSection
	GlobalSection(ProjectConfigurationPlatforms) = postSolution
		{DE821296-ADE3-4918-A7E3-1A413BBBE495}.Debug|Any CPU.ActiveCfg = Debug|Any CPU
		{DE821296-ADE3-4918-A7E3-1A413BBBE495}.Debug|Any CPU.Build.0 = Debug|Any CPU
		{DE821296-ADE3-4918-A7E3-1A413BBBE495}.Release|Any CPU.ActiveCfg = Release|Any CPU
		{DE821296-ADE3-4918-A7E3-1A413BBBE495}.Release|Any CPU.Build.0 = Release|Any CPU
	EndGlobalSection
	GlobalSection(SolutionProperties) = preSolution
		HideSolutionNode = FALSE
	EndGlobalSection
	GlobalSection(ExtensibilityGlobals) = postSolution
		SolutionGuid = {959733C7-1D22-47D0-82F4-3DBE4B36A867}
	EndGlobalSection
EndGlobal
